// !$*UTF8*$!
{
	archiveVersion = 1;
	classes = {
	};
	objectVersion = 55;
	objects = {

/* Begin PBXBuildFile section */
		554E766828DC9C5500B0DFD8 /* NotificationViewModel.swift in Sources */ = {isa = PBXBuildFile; fileRef = 554E766728DC9C5500B0DFD8 /* NotificationViewModel.swift */; };
		5592346728D5F056006392EC /* AppDelegate.swift in Sources */ = {isa = PBXBuildFile; fileRef = 5592346628D5F056006392EC /* AppDelegate.swift */; };
		5592346928D5F056006392EC /* SceneDelegate.swift in Sources */ = {isa = PBXBuildFile; fileRef = 5592346828D5F056006392EC /* SceneDelegate.swift */; };
		5592346B28D5F056006392EC /* NotificationsViewController.swift in Sources */ = {isa = PBXBuildFile; fileRef = 5592346A28D5F056006392EC /* NotificationsViewController.swift */; };
		5592346E28D5F056006392EC /* Main.storyboard in Resources */ = {isa = PBXBuildFile; fileRef = 5592346C28D5F056006392EC /* Main.storyboard */; };
		5592347028D5F057006392EC /* Assets.xcassets in Resources */ = {isa = PBXBuildFile; fileRef = 5592346F28D5F057006392EC /* Assets.xcassets */; };
		5592347328D5F057006392EC /* LaunchScreen.storyboard in Resources */ = {isa = PBXBuildFile; fileRef = 5592347128D5F057006392EC /* LaunchScreen.storyboard */; };
		5592347C28D5FF96006392EC /* NotificationTableViewSection.swift in Sources */ = {isa = PBXBuildFile; fileRef = 5592347A28D5FF96006392EC /* NotificationTableViewSection.swift */; };
		5592347D28D5FF96006392EC /* NotificationTableViewSection.xib in Resources */ = {isa = PBXBuildFile; fileRef = 5592347B28D5FF96006392EC /* NotificationTableViewSection.xib */; };
		5592349028D7949A006392EC /* SegmentCell.swift in Sources */ = {isa = PBXBuildFile; fileRef = 5592348E28D7949A006392EC /* SegmentCell.swift */; };
		5592349128D7949A006392EC /* SegmentCell.xib in Resources */ = {isa = PBXBuildFile; fileRef = 5592348F28D7949A006392EC /* SegmentCell.xib */; };
		5592349328D88C05006392EC /* NotificationModel.swift in Sources */ = {isa = PBXBuildFile; fileRef = 5592349228D88C05006392EC /* NotificationModel.swift */; };
/* End PBXBuildFile section */

/* Begin PBXFileReference section */
		554E766728DC9C5500B0DFD8 /* NotificationViewModel.swift */ = {isa = PBXFileReference; lastKnownFileType = sourcecode.swift; path = NotificationViewModel.swift; sourceTree = "<group>"; };
		5592346328D5F056006392EC /* optimeSecond.app */ = {isa = PBXFileReference; explicitFileType = wrapper.application; includeInIndex = 0; path = optimeSecond.app; sourceTree = BUILT_PRODUCTS_DIR; };
		5592346628D5F056006392EC /* AppDelegate.swift */ = {isa = PBXFileReference; lastKnownFileType = sourcecode.swift; path = AppDelegate.swift; sourceTree = "<group>"; };
		5592346828D5F056006392EC /* SceneDelegate.swift */ = {isa = PBXFileReference; lastKnownFileType = sourcecode.swift; path = SceneDelegate.swift; sourceTree = "<group>"; };
		5592346A28D5F056006392EC /* NotificationsViewController.swift */ = {isa = PBXFileReference; lastKnownFileType = sourcecode.swift; path = NotificationsViewController.swift; sourceTree = "<group>"; };
		5592346D28D5F056006392EC /* Base */ = {isa = PBXFileReference; lastKnownFileType = file.storyboard; name = Base; path = Base.lproj/Main.storyboard; sourceTree = "<group>"; };
		5592346F28D5F057006392EC /* Assets.xcassets */ = {isa = PBXFileReference; lastKnownFileType = folder.assetcatalog; path = Assets.xcassets; sourceTree = "<group>"; };
		5592347228D5F057006392EC /* Base */ = {isa = PBXFileReference; lastKnownFileType = file.storyboard; name = Base; path = Base.lproj/LaunchScreen.storyboard; sourceTree = "<group>"; };
		5592347428D5F057006392EC /* Info.plist */ = {isa = PBXFileReference; lastKnownFileType = text.plist.xml; path = Info.plist; sourceTree = "<group>"; };
		5592347A28D5FF96006392EC /* NotificationTableViewSection.swift */ = {isa = PBXFileReference; lastKnownFileType = sourcecode.swift; path = NotificationTableViewSection.swift; sourceTree = "<group>"; };
		5592347B28D5FF96006392EC /* NotificationTableViewSection.xib */ = {isa = PBXFileReference; lastKnownFileType = file.xib; path = NotificationTableViewSection.xib; sourceTree = "<group>"; };
		5592348E28D7949A006392EC /* SegmentCell.swift */ = {isa = PBXFileReference; lastKnownFileType = sourcecode.swift; path = SegmentCell.swift; sourceTree = "<group>"; };
		5592348F28D7949A006392EC /* SegmentCell.xib */ = {isa = PBXFileReference; lastKnownFileType = file.xib; path = SegmentCell.xib; sourceTree = "<group>"; };
		5592349228D88C05006392EC /* NotificationModel.swift */ = {isa = PBXFileReference; lastKnownFileType = sourcecode.swift; path = NotificationModel.swift; sourceTree = "<group>"; };
/* End PBXFileReference section */

/* Begin PBXFrameworksBuildPhase section */
		5592346028D5F056006392EC /* Frameworks */ = {
			isa = PBXFrameworksBuildPhase;
			buildActionMask = 2147483647;
			files = (
			);
			runOnlyForDeploymentPostprocessing = 0;
		};
/* End PBXFrameworksBuildPhase section */

/* Begin PBXGroup section */
		554E766028DB644D00B0DFD8 /* Model */ = {
			isa = PBXGroup;
			children = (
				5592349228D88C05006392EC /* NotificationModel.swift */,
			);
			path = Model;
			sourceTree = "<group>";
		};
		554E766528DC892300B0DFD8 /* NotificationScreen */ = {
			isa = PBXGroup;
			children = (
				554E766028DB644D00B0DFD8 /* Model */,
				5592348528D625BB006392EC /* View */,
				5592348328D62598006392EC /* Controllers */,
				554E766928DC9F9200B0DFD8 /* ViewModel */,
			);
			path = NotificationScreen;
			sourceTree = "<group>";
		};
		554E766628DC894300B0DFD8 /* Screens */ = {
			isa = PBXGroup;
			children = (
				554E766528DC892300B0DFD8 /* NotificationScreen */,
			);
			path = Screens;
			sourceTree = "<group>";
		};
		554E766928DC9F9200B0DFD8 /* ViewModel */ = {
			isa = PBXGroup;
			children = (
				554E766728DC9C5500B0DFD8 /* NotificationViewModel.swift */,
			);
			path = ViewModel;
			sourceTree = "<group>";
		};
		5592345A28D5F056006392EC = {
			isa = PBXGroup;
			children = (
				5592346528D5F056006392EC /* optimeSecond */,
				5592346428D5F056006392EC /* Products */,
			);
			sourceTree = "<group>";
		};
		5592346428D5F056006392EC /* Products */ = {
			isa = PBXGroup;
			children = (
				5592346328D5F056006392EC /* optimeSecond.app */,
			);
			name = Products;
			sourceTree = "<group>";
		};
		5592346528D5F056006392EC /* optimeSecond */ = {
			isa = PBXGroup;
			children = (
				5592348228D62587006392EC /* Application */,
				554E766628DC894300B0DFD8 /* Screens */,
				5592346F28D5F057006392EC /* Assets.xcassets */,
				5592347128D5F057006392EC /* LaunchScreen.storyboard */,
				5592347428D5F057006392EC /* Info.plist */,
			);
			path = optimeSecond;
			sourceTree = "<group>";
		};
		5592348228D62587006392EC /* Application */ = {
			isa = PBXGroup;
			children = (
				5592346628D5F056006392EC /* AppDelegate.swift */,
				5592346828D5F056006392EC /* SceneDelegate.swift */,
			);
			path = Application;
			sourceTree = "<group>";
		};
		5592348328D62598006392EC /* Controllers */ = {
			isa = PBXGroup;
			children = (
				5592346A28D5F056006392EC /* NotificationsViewController.swift */,
				559A0CA928DB40EA00BF73F2 /* SegmentedCell */,
				5592348828D62627006392EC /* RawSection */,
			);
			path = Controllers;
			sourceTree = "<group>";
		};
		5592348428D625A0006392EC /* Storyboard */ = {
			isa = PBXGroup;
			children = (
				5592346C28D5F056006392EC /* Main.storyboard */,
			);
			path = Storyboard;
			sourceTree = "<group>";
		};
		5592348528D625BB006392EC /* View */ = {
			isa = PBXGroup;
			children = (
				5592348428D625A0006392EC /* Storyboard */,
				559A0CA828DB40C000BF73F2 /* SegmentedCell */,
				5592348628D625C9006392EC /* CellSection */,
			);
			path = View;
			sourceTree = "<group>";
		};
		5592348628D625C9006392EC /* CellSection */ = {
			isa = PBXGroup;
			children = (
				5592347B28D5FF96006392EC /* NotificationTableViewSection.xib */,
			);
			path = CellSection;
			sourceTree = "<group>";
		};
		5592348828D62627006392EC /* RawSection */ = {
			isa = PBXGroup;
			children = (
				5592347A28D5FF96006392EC /* NotificationTableViewSection.swift */,
			);
			path = RawSection;
			sourceTree = "<group>";
		};
		559A0CA828DB40C000BF73F2 /* SegmentedCell */ = {
			isa = PBXGroup;
			children = (
				5592348F28D7949A006392EC /* SegmentCell.xib */,
			);
			path = SegmentedCell;
			sourceTree = "<group>";
		};
		559A0CA928DB40EA00BF73F2 /* SegmentedCell */ = {
			isa = PBXGroup;
			children = (
				5592348E28D7949A006392EC /* SegmentCell.swift */,
			);
			path = SegmentedCell;
			sourceTree = "<group>";
		};
/* End PBXGroup section */

/* Begin PBXNativeTarget section */
		5592346228D5F056006392EC /* optimeSecond */ = {
			isa = PBXNativeTarget;
			buildConfigurationList = 5592347728D5F057006392EC /* Build configuration list for PBXNativeTarget "optimeSecond" */;
			buildPhases = (
				5592345F28D5F056006392EC /* Sources */,
				5592346028D5F056006392EC /* Frameworks */,
				5592346128D5F056006392EC /* Resources */,
			);
			buildRules = (
			);
			dependencies = (
			);
			name = optimeSecond;
			productName = optimeSecond;
			productReference = 5592346328D5F056006392EC /* optimeSecond.app */;
			productType = "com.apple.product-type.application";
		};
/* End PBXNativeTarget section */

/* Begin PBXProject section */
		5592345B28D5F056006392EC /* Project object */ = {
			isa = PBXProject;
			attributes = {
				BuildIndependentTargetsInParallel = 1;
				LastSwiftUpdateCheck = 1330;
				LastUpgradeCheck = 1330;
				TargetAttributes = {
					5592346228D5F056006392EC = {
						CreatedOnToolsVersion = 13.3;
					};
				};
			};
			buildConfigurationList = 5592345E28D5F056006392EC /* Build configuration list for PBXProject "optimeSecond" */;
			compatibilityVersion = "Xcode 13.0";
			developmentRegion = en;
			hasScannedForEncodings = 0;
			knownRegions = (
				en,
				Base,
			);
			mainGroup = 5592345A28D5F056006392EC;
			productRefGroup = 5592346428D5F056006392EC /* Products */;
			projectDirPath = "";
			projectRoot = "";
			targets = (
				5592346228D5F056006392EC /* optimeSecond */,
			);
		};
/* End PBXProject section */

/* Begin PBXResourcesBuildPhase section */
		5592346128D5F056006392EC /* Resources */ = {
			isa = PBXResourcesBuildPhase;
			buildActionMask = 2147483647;
			files = (
				5592347D28D5FF96006392EC /* NotificationTableViewSection.xib in Resources */,
				5592347328D5F057006392EC /* LaunchScreen.storyboard in Resources */,
				5592349128D7949A006392EC /* SegmentCell.xib in Resources */,
				5592347028D5F057006392EC /* Assets.xcassets in Resources */,
				5592346E28D5F056006392EC /* Main.storyboard in Resources */,
			);
			runOnlyForDeploymentPostprocessing = 0;
		};
/* End PBXResourcesBuildPhase section */

/* Begin PBXSourcesBuildPhase section */
		5592345F28D5F056006392EC /* Sources */ = {
			isa = PBXSourcesBuildPhase;
			buildActionMask = 2147483647;
			files = (
				5592349328D88C05006392EC /* NotificationModel.swift in Sources */,
				5592349028D7949A006392EC /* SegmentCell.swift in Sources */,
				5592347C28D5FF96006392EC /* NotificationTableViewSection.swift in Sources */,
				554E766828DC9C5500B0DFD8 /* NotificationViewModel.swift in Sources */,
				5592346B28D5F056006392EC /* NotificationsViewController.swift in Sources */,
				5592346728D5F056006392EC /* AppDelegate.swift in Sources */,
				5592346928D5F056006392EC /* SceneDelegate.swift in Sources */,
			);
			runOnlyForDeploymentPostprocessing = 0;
		};
/* End PBXSourcesBuildPhase section */

/* Begin PBXVariantGroup section */
		5592346C28D5F056006392EC /* Main.storyboard */ = {
			isa = PBXVariantGroup;
			children = (
				5592346D28D5F056006392EC /* Base */,
			);
			name = Main.storyboard;
			sourceTree = "<group>";
		};
		5592347128D5F057006392EC /* LaunchScreen.storyboard */ = {
			isa = PBXVariantGroup;
			children = (
				5592347228D5F057006392EC /* Base */,
			);
			name = LaunchScreen.storyboard;
			sourceTree = "<group>";
		};
/* End PBXVariantGroup section */

/* Begin XCBuildConfiguration section */
		5592347528D5F057006392EC /* Debug */ = {
			isa = XCBuildConfiguration;
			buildSettings = {
				ALWAYS_SEARCH_USER_PATHS = NO;
				CLANG_ANALYZER_NONNULL = YES;
				CLANG_ANALYZER_NUMBER_OBJECT_CONVERSION = YES_AGGRESSIVE;
				CLANG_CXX_LANGUAGE_STANDARD = "gnu++17";
				CLANG_ENABLE_MODULES = YES;
				CLANG_ENABLE_OBJC_ARC = YES;
				CLANG_ENABLE_OBJC_WEAK = YES;
				CLANG_WARN_BLOCK_CAPTURE_AUTORELEASING = YES;
				CLANG_WARN_BOOL_CONVERSION = YES;
				CLANG_WARN_COMMA = YES;
				CLANG_WARN_CONSTANT_CONVERSION = YES;
				CLANG_WARN_DEPRECATED_OBJC_IMPLEMENTATIONS = YES;
				CLANG_WARN_DIRECT_OBJC_ISA_USAGE = YES_ERROR;
				CLANG_WARN_DOCUMENTATION_COMMENTS = YES;
				CLANG_WARN_EMPTY_BODY = YES;
				CLANG_WARN_ENUM_CONVERSION = YES;
				CLANG_WARN_INFINITE_RECURSION = YES;
				CLANG_WARN_INT_CONVERSION = YES;
				CLANG_WARN_NON_LITERAL_NULL_CONVERSION = YES;
				CLANG_WARN_OBJC_IMPLICIT_RETAIN_SELF = YES;
				CLANG_WARN_OBJC_LITERAL_CONVERSION = YES;
				CLANG_WARN_OBJC_ROOT_CLASS = YES_ERROR;
				CLANG_WARN_QUOTED_INCLUDE_IN_FRAMEWORK_HEADER = YES;
				CLANG_WARN_RANGE_LOOP_ANALYSIS = YES;
				CLANG_WARN_STRICT_PROTOTYPES = YES;
				CLANG_WARN_SUSPICIOUS_MOVE = YES;
				CLANG_WARN_UNGUARDED_AVAILABILITY = YES_AGGRESSIVE;
				CLANG_WARN_UNREACHABLE_CODE = YES;
				CLANG_WARN__DUPLICATE_METHOD_MATCH = YES;
				COPY_PHASE_STRIP = NO;
				DEBUG_INFORMATION_FORMAT = dwarf;
				ENABLE_STRICT_OBJC_MSGSEND = YES;
				ENABLE_TESTABILITY = YES;
				GCC_C_LANGUAGE_STANDARD = gnu11;
				GCC_DYNAMIC_NO_PIC = NO;
				GCC_NO_COMMON_BLOCKS = YES;
				GCC_OPTIMIZATION_LEVEL = 0;
				GCC_PREPROCESSOR_DEFINITIONS = (
					"DEBUG=1",
					"$(inherited)",
				);
				GCC_WARN_64_TO_32_BIT_CONVERSION = YES;
				GCC_WARN_ABOUT_RETURN_TYPE = YES_ERROR;
				GCC_WARN_UNDECLARED_SELECTOR = YES;
				GCC_WARN_UNINITIALIZED_AUTOS = YES_AGGRESSIVE;
				GCC_WARN_UNUSED_FUNCTION = YES;
				GCC_WARN_UNUSED_VARIABLE = YES;
				IPHONEOS_DEPLOYMENT_TARGET = 15.4;
				MTL_ENABLE_DEBUG_INFO = INCLUDE_SOURCE;
				MTL_FAST_MATH = YES;
				ONLY_ACTIVE_ARCH = YES;
				SDKROOT = iphoneos;
				SWIFT_ACTIVE_COMPILATION_CONDITIONS = DEBUG;
				SWIFT_OPTIMIZATION_LEVEL = "-Onone";
			};
			name = Debug;
		};
		5592347628D5F057006392EC /* Release */ = {
			isa = XCBuildConfiguration;
			buildSettings = {
				ALWAYS_SEARCH_USER_PATHS = NO;
				CLANG_ANALYZER_NONNULL = YES;
				CLANG_ANALYZER_NUMBER_OBJECT_CONVERSION = YES_AGGRESSIVE;
				CLANG_CXX_LANGUAGE_STANDARD = "gnu++17";
				CLANG_ENABLE_MODULES = YES;
				CLANG_ENABLE_OBJC_ARC = YES;
				CLANG_ENABLE_OBJC_WEAK = YES;
				CLANG_WARN_BLOCK_CAPTURE_AUTORELEASING = YES;
				CLANG_WARN_BOOL_CONVERSION = YES;
				CLANG_WARN_COMMA = YES;
				CLANG_WARN_CONSTANT_CONVERSION = YES;
				CLANG_WARN_DEPRECATED_OBJC_IMPLEMENTATIONS = YES;
				CLANG_WARN_DIRECT_OBJC_ISA_USAGE = YES_ERROR;
				CLANG_WARN_DOCUMENTATION_COMMENTS = YES;
				CLANG_WARN_EMPTY_BODY = YES;
				CLANG_WARN_ENUM_CONVERSION = YES;
				CLANG_WARN_INFINITE_RECURSION = YES;
				CLANG_WARN_INT_CONVERSION = YES;
				CLANG_WARN_NON_LITERAL_NULL_CONVERSION = YES;
				CLANG_WARN_OBJC_IMPLICIT_RETAIN_SELF = YES;
				CLANG_WARN_OBJC_LITERAL_CONVERSION = YES;
				CLANG_WARN_OBJC_ROOT_CLASS = YES_ERROR;
				CLANG_WARN_QUOTED_INCLUDE_IN_FRAMEWORK_HEADER = YES;
				CLANG_WARN_RANGE_LOOP_ANALYSIS = YES;
				CLANG_WARN_STRICT_PROTOTYPES = YES;
				CLANG_WARN_SUSPICIOUS_MOVE = YES;
				CLANG_WARN_UNGUARDED_AVAILABILITY = YES_AGGRESSIVE;
				CLANG_WARN_UNREACHABLE_CODE = YES;
				CLANG_WARN__DUPLICATE_METHOD_MATCH = YES;
				COPY_PHASE_STRIP = NO;
				DEBUG_INFORMATION_FORMAT = "dwarf-with-dsym";
				ENABLE_NS_ASSERTIONS = NO;
				ENABLE_STRICT_OBJC_MSGSEND = YES;
				GCC_C_LANGUAGE_STANDARD = gnu11;
				GCC_NO_COMMON_BLOCKS = YES;
				GCC_WARN_64_TO_32_BIT_CONVERSION = YES;
				GCC_WARN_ABOUT_RETURN_TYPE = YES_ERROR;
				GCC_WARN_UNDECLARED_SELECTOR = YES;
				GCC_WARN_UNINITIALIZED_AUTOS = YES_AGGRESSIVE;
				GCC_WARN_UNUSED_FUNCTION = YES;
				GCC_WARN_UNUSED_VARIABLE = YES;
				IPHONEOS_DEPLOYMENT_TARGET = 15.4;
				MTL_ENABLE_DEBUG_INFO = NO;
				MTL_FAST_MATH = YES;
				SDKROOT = iphoneos;
				SWIFT_COMPILATION_MODE = wholemodule;
				SWIFT_OPTIMIZATION_LEVEL = "-O";
				VALIDATE_PRODUCT = YES;
			};
			name = Release;
		};
		5592347828D5F057006392EC /* Debug */ = {
			isa = XCBuildConfiguration;
			buildSettings = {
				ASSETCATALOG_COMPILER_APPICON_NAME = AppIcon;
				ASSETCATALOG_COMPILER_GLOBAL_ACCENT_COLOR_NAME = AccentColor;
				CODE_SIGN_STYLE = Automatic;
				CURRENT_PROJECT_VERSION = 1;
				GENERATE_INFOPLIST_FILE = YES;
				INFOPLIST_FILE = optimeSecond/Info.plist;
				INFOPLIST_KEY_UIApplicationSupportsIndirectInputEvents = YES;
				INFOPLIST_KEY_UILaunchStoryboardName = LaunchScreen;
				INFOPLIST_KEY_UIMainStoryboardFile = Main;
				INFOPLIST_KEY_UISupportedInterfaceOrientations_iPad = "UIInterfaceOrientationPortrait UIInterfaceOrientationPortraitUpsideDown UIInterfaceOrientationLandscapeLeft UIInterfaceOrientationLandscapeRight";
				INFOPLIST_KEY_UISupportedInterfaceOrientations_iPhone = "UIInterfaceOrientationPortrait UIInterfaceOrientationLandscapeLeft UIInterfaceOrientationLandscapeRight";
				LD_RUNPATH_SEARCH_PATHS = (
					"$(inherited)",
					"@executable_path/Frameworks",
				);
				MARKETING_VERSION = 1.0;
				PRODUCT_BUNDLE_IDENTIFIER = nazik.optimeSecond;
				PRODUCT_NAME = "$(TARGET_NAME)";
				SWIFT_EMIT_LOC_STRINGS = YES;
				SWIFT_VERSION = 5.0;
				TARGETED_DEVICE_FAMILY = "1,2";
			};
			name = Debug;
		};
		5592347928D5F057006392EC /* Release */ = {
			isa = XCBuildConfiguration;
			buildSettings = {
				ASSETCATALOG_COMPILER_APPICON_NAME = AppIcon;
				ASSETCATALOG_COMPILER_GLOBAL_ACCENT_COLOR_NAME = AccentColor;
				CODE_SIGN_STYLE = Automatic;
				CURRENT_PROJECT_VERSION = 1;
				GENERATE_INFOPLIST_FILE = YES;
				INFOPLIST_FILE = optimeSecond/Info.plist;
				INFOPLIST_KEY_UIApplicationSupportsIndirectInputEvents = YES;
				INFOPLIST_KEY_UILaunchStoryboardName = LaunchScreen;
				INFOPLIST_KEY_UIMainStoryboardFile = Main;
				INFOPLIST_KEY_UISupportedInterfaceOrientations_iPad = "UIInterfaceOrientationPortrait UIInterfaceOrientationPortraitUpsideDown UIInterfaceOrientationLandscapeLeft UIInterfaceOrientationLandscapeRight";
				INFOPLIST_KEY_UISupportedInterfaceOrientations_iPhone = "UIInterfaceOrientationPortrait UIInterfaceOrientationLandscapeLeft UIInterfaceOrientationLandscapeRight";
				LD_RUNPATH_SEARCH_PATHS = (
					"$(inherited)",
					"@executable_path/Frameworks",
				);
				MARKETING_VERSION = 1.0;
				PRODUCT_BUNDLE_IDENTIFIER = nazik.optimeSecond;
				PRODUCT_NAME = "$(TARGET_NAME)";
				SWIFT_EMIT_LOC_STRINGS = YES;
				SWIFT_VERSION = 5.0;
				TARGETED_DEVICE_FAMILY = "1,2";
			};
			name = Release;
		};
/* End XCBuildConfiguration section */

/* Begin XCConfigurationList section */
		5592345E28D5F056006392EC /* Build configuration list for PBXProject "optimeSecond" */ = {
			isa = XCConfigurationList;
			buildConfigurations = (
				5592347528D5F057006392EC /* Debug */,
				5592347628D5F057006392EC /* Release */,
			);
			defaultConfigurationIsVisible = 0;
			defaultConfigurationName = Release;
		};
		5592347728D5F057006392EC /* Build configuration list for PBXNativeTarget "optimeSecond" */ = {
			isa = XCConfigurationList;
			buildConfigurations = (
				5592347828D5F057006392EC /* Debug */,
				5592347928D5F057006392EC /* Release */,
			);
			defaultConfigurationIsVisible = 0;
			defaultConfigurationName = Release;
		};
/* End XCConfigurationList section */
	};
	rootObject = 5592345B28D5F056006392EC /* Project object */;
}
